
Microsoft Visual Studio Solution File, Format Version 12.00
# Visual Studio 15
VisualStudioVersion = 15.0.26124.0
MinimumVisualStudioVersion = 15.0.26124.0
Project("{2150E333-8FDC-42A3-9474-1A3956D46DE8}") = "src", "src", "{36CBF1CC-FCA4-41DA-9B45-2108F1232AAE}"
EndProject
Project("{FAE04EC0-301F-11D3-BF4B-00C04F79EFBC}") = "GradeBook", "src\GradeBook\GradeBook.csproj", "{DFBA86B9-B226-417C-8E49-B61C7CACFB84}"
EndProject
Project("{2150E333-8FDC-42A3-9474-1A3956D46DE8}") = "test", "test", "{0126EF02-6AE5-49B2-B45D-3F02A80969D9}"
EndProject
Project("{FAE04EC0-301F-11D3-BF4B-00C04F79EFBC}") = "GradeBook.Tests", "test\GradeBook.Tests\GradeBook.Tests.csproj", "{0286A463-D2CA-4DFC-824C-023E8292E1F4}"
EndProject
Global
	GlobalSection(SolutionConfigurationPlatforms) = preSolution
		Debug|Any CPU = Debug|Any CPU
		Debug|x64 = Debug|x64
		Debug|x86 = Debug|x86
		Release|Any CPU = Release|Any CPU
		Release|x64 = Release|x64
		Release|x86 = Release|x86
	EndGlobalSection
	GlobalSection(SolutionProperties) = preSolution
		HideSolutionNode = FALSE
	EndGlobalSection
	GlobalSection(ProjectConfigurationPlatforms) = postSolution
		{DFBA86B9-B226-417C-8E49-B61C7CACFB84}.Debug|Any CPU.ActiveCfg = Debug|Any CPU
		{DFBA86B9-B226-417C-8E49-B61C7CACFB84}.Debug|Any CPU.Build.0 = Debug|Any CPU
		{DFBA86B9-B226-417C-8E49-B61C7CACFB84}.Debug|x64.ActiveCfg = Debug|Any CPU
		{DFBA86B9-B226-417C-8E49-B61C7CACFB84}.Debug|x64.Build.0 = Debug|Any CPU
		{DFBA86B9-B226-417C-8E49-B61C7CACFB84}.Debug|x86.ActiveCfg = Debug|Any CPU
		{DFBA86B9-B226-417C-8E49-B61C7CACFB84}.Debug|x86.Build.0 = Debug|Any CPU
		{DFBA86B9-B226-417C-8E49-B61C7CACFB84}.Release|Any CPU.ActiveCfg = Release|Any CPU
		{DFBA86B9-B226-417C-8E49-B61C7CACFB84}.Release|Any CPU.Build.0 = Release|Any CPU
		{DFBA86B9-B226-417C-8E49-B61C7CACFB84}.Release|x64.ActiveCfg = Release|Any CPU
		{DFBA86B9-B226-417C-8E49-B61C7CACFB84}.Release|x64.Build.0 = Release|Any CPU
		{DFBA86B9-B226-417C-8E49-B61C7CACFB84}.Release|x86.ActiveCfg = Release|Any CPU
		{DFBA86B9-B226-417C-8E49-B61C7CACFB84}.Release|x86.Build.0 = Release|Any CPU
		{0286A463-D2CA-4DFC-824C-023E8292E1F4}.Debug|Any CPU.ActiveCfg = Debug|Any CPU
		{0286A463-D2CA-4DFC-824C-023E8292E1F4}.Debug|Any CPU.Build.0 = Debug|Any CPU
		{0286A463-D2CA-4DFC-824C-023E8292E1F4}.Debug|x64.ActiveCfg = Debug|Any CPU
		{0286A463-D2CA-4DFC-824C-023E8292E1F4}.Debug|x64.Build.0 = Debug|Any CPU
		{0286A463-D2CA-4DFC-824C-023E8292E1F4}.Debug|x86.ActiveCfg = Debug|Any CPU
		{0286A463-D2CA-4DFC-824C-023E8292E1F4}.Debug|x86.Build.0 = Debug|Any CPU
		{0286A463-D2CA-4DFC-824C-023E8292E1F4}.Release|Any CPU.ActiveCfg = Release|Any CPU
		{0286A463-D2CA-4DFC-824C-023E8292E1F4}.Release|Any CPU.Build.0 = Release|Any CPU
		{0286A463-D2CA-4DFC-824C-023E8292E1F4}.Release|x64.ActiveCfg = Release|Any CPU
		{0286A463-D2CA-4DFC-824C-023E8292E1F4}.Release|x64.Build.0 = Release|Any CPU
		{0286A463-D2CA-4DFC-824C-023E8292E1F4}.Release|x86.ActiveCfg = Release|Any CPU
		{0286A463-D2CA-4DFC-824C-023E8292E1F4}.Release|x86.Build.0 = Release|Any CPU
	EndGlobalSection
	GlobalSection(NestedProjects) = preSolution
		{DFBA86B9-B226-417C-8E49-B61C7CACFB84} = {36CBF1CC-FCA4-41DA-9B45-2108F1232AAE}
		{0286A463-D2CA-4DFC-824C-023E8292E1F4} = {0126EF02-6AE5-49B2-B45D-3F02A80969D9}
	EndGlobalSection
EndGlobal
