
Microsoft Visual Studio Solution File, Format Version 12.00
# Visual Studio Version 16
VisualStudioVersion = 25.0.1704.4
MinimumVisualStudioVersion = 10.0.40219.1
Project("{FAE04EC0-301F-11D3-BF4B-00C04F79EFBC}") = "BrushUpXamarin.Android", "BrushUpXamarin\BrushUpXamarin.Android\BrushUpXamarin.Android.csproj", "{66520913-7EAA-442A-B369-4F2AE54CF69C}"
EndProject
Project("{FAE04EC0-301F-11D3-BF4B-00C04F79EFBC}") = "BrushUpXamarin.iOS", "BrushUpXamarin\BrushUpXamarin.iOS\BrushUpXamarin.iOS.csproj", "{53A66BB1-076B-4E57-8876-53E12590C527}"
EndProject
Project("{FAE04EC0-301F-11D3-BF4B-00C04F79EFBC}") = "BrushUpXamarin", "BrushUpXamarin\BrushUpXamarin\BrushUpXamarin.csproj", "{A1478C8F-5DAC-45D7-8701-9DD9AA3490C2}"
EndProject
Global
	GlobalSection(SolutionConfigurationPlatforms) = preSolution
		Debug|Any CPU = Debug|Any CPU
		Release|Any CPU = Release|Any CPU
		Debug|iPhoneSimulator = Debug|iPhoneSimulator
		Release|iPhoneSimulator = Release|iPhoneSimulator
		Debug|iPhone = Debug|iPhone
		Release|iPhone = Release|iPhone
	EndGlobalSection
	GlobalSection(ProjectConfigurationPlatforms) = postSolution
		{66520913-7EAA-442A-B369-4F2AE54CF69C}.Debug|Any CPU.ActiveCfg = Debug|Any CPU
		{66520913-7EAA-442A-B369-4F2AE54CF69C}.Debug|Any CPU.Build.0 = Debug|Any CPU
		{66520913-7EAA-442A-B369-4F2AE54CF69C}.Release|Any CPU.ActiveCfg = Release|Any CPU
		{66520913-7EAA-442A-B369-4F2AE54CF69C}.Release|Any CPU.Build.0 = Release|Any CPU
		{66520913-7EAA-442A-B369-4F2AE54CF69C}.Debug|iPhoneSimulator.ActiveCfg = Debug|Any CPU
		{66520913-7EAA-442A-B369-4F2AE54CF69C}.Debug|iPhoneSimulator.Build.0 = Debug|Any CPU
		{66520913-7EAA-442A-B369-4F2AE54CF69C}.Release|iPhoneSimulator.ActiveCfg = Release|Any CPU
		{66520913-7EAA-442A-B369-4F2AE54CF69C}.Release|iPhoneSimulator.Build.0 = Release|Any CPU
		{66520913-7EAA-442A-B369-4F2AE54CF69C}.Debug|iPhone.ActiveCfg = Debug|Any CPU
		{66520913-7EAA-442A-B369-4F2AE54CF69C}.Debug|iPhone.Build.0 = Debug|Any CPU
		{66520913-7EAA-442A-B369-4F2AE54CF69C}.Release|iPhone.ActiveCfg = Release|Any CPU
		{66520913-7EAA-442A-B369-4F2AE54CF69C}.Release|iPhone.Build.0 = Release|Any CPU
		{53A66BB1-076B-4E57-8876-53E12590C527}.Debug|Any CPU.ActiveCfg = Debug|iPhoneSimulator
		{53A66BB1-076B-4E57-8876-53E12590C527}.Debug|Any CPU.Build.0 = Debug|iPhoneSimulator
		{53A66BB1-076B-4E57-8876-53E12590C527}.Release|Any CPU.ActiveCfg = Release|iPhoneSimulator
		{53A66BB1-076B-4E57-8876-53E12590C527}.Release|Any CPU.Build.0 = Release|iPhoneSimulator
		{53A66BB1-076B-4E57-8876-53E12590C527}.Debug|iPhoneSimulator.ActiveCfg = Debug|iPhoneSimulator
		{53A66BB1-076B-4E57-8876-53E12590C527}.Debug|iPhoneSimulator.Build.0 = Debug|iPhoneSimulator
		{53A66BB1-076B-4E57-8876-53E12590C527}.Release|iPhoneSimulator.ActiveCfg = Release|iPhoneSimulator
		{53A66BB1-076B-4E57-8876-53E12590C527}.Release|iPhoneSimulator.Build.0 = Release|iPhoneSimulator
		{53A66BB1-076B-4E57-8876-53E12590C527}.Debug|iPhone.ActiveCfg = Debug|iPhone
		{53A66BB1-076B-4E57-8876-53E12590C527}.Debug|iPhone.Build.0 = Debug|iPhone
		{53A66BB1-076B-4E57-8876-53E12590C527}.Release|iPhone.ActiveCfg = Release|iPhone
		{53A66BB1-076B-4E57-8876-53E12590C527}.Release|iPhone.Build.0 = Release|iPhone
		{A1478C8F-5DAC-45D7-8701-9DD9AA3490C2}.Debug|Any CPU.ActiveCfg = Debug|Any CPU
		{A1478C8F-5DAC-45D7-8701-9DD9AA3490C2}.Debug|Any CPU.Build.0 = Debug|Any CPU
		{A1478C8F-5DAC-45D7-8701-9DD9AA3490C2}.Release|Any CPU.ActiveCfg = Release|Any CPU
		{A1478C8F-5DAC-45D7-8701-9DD9AA3490C2}.Release|Any CPU.Build.0 = Release|Any CPU
		{A1478C8F-5DAC-45D7-8701-9DD9AA3490C2}.Debug|iPhoneSimulator.ActiveCfg = Debug|Any CPU
		{A1478C8F-5DAC-45D7-8701-9DD9AA3490C2}.Debug|iPhoneSimulator.Build.0 = Debug|Any CPU
		{A1478C8F-5DAC-45D7-8701-9DD9AA3490C2}.Release|iPhoneSimulator.ActiveCfg = Release|Any CPU
		{A1478C8F-5DAC-45D7-8701-9DD9AA3490C2}.Release|iPhoneSimulator.Build.0 = Release|Any CPU
		{A1478C8F-5DAC-45D7-8701-9DD9AA3490C2}.Debug|iPhone.ActiveCfg = Debug|Any CPU
		{A1478C8F-5DAC-45D7-8701-9DD9AA3490C2}.Debug|iPhone.Build.0 = Debug|Any CPU
		{A1478C8F-5DAC-45D7-8701-9DD9AA3490C2}.Release|iPhone.ActiveCfg = Release|Any CPU
		{A1478C8F-5DAC-45D7-8701-9DD9AA3490C2}.Release|iPhone.Build.0 = Release|Any CPU
	EndGlobalSection
	GlobalSection(SolutionProperties) = preSolution
		HideSolutionNode = FALSE
	EndGlobalSection
	GlobalSection(ExtensibilityGlobals) = postSolution
		SolutionGuid = {7922BB12-DB6D-4A11-B773-A15EF0E25CC7}
	EndGlobalSection
EndGlobal
