
Microsoft Visual Studio Solution File, Format Version 12.00
# Visual Studio Version 16
VisualStudioVersion = 16.0.29411.108
MinimumVisualStudioVersion = 10.0.40219.1
Project("{FAE04EC0-301F-11D3-BF4B-00C04F79EFBC}") = "DotnetCoreFundamentals", "DotnetCoreFundamentals\DotnetCoreFundamentals.csproj", "{8B9110F2-D99B-4810-B6F5-86CD77669CDE}"
EndProject
Global
	GlobalSection(SolutionConfigurationPlatforms) = preSolution
		Debug|Any CPU = Debug|Any CPU
		Release|Any CPU = Release|Any CPU
	EndGlobalSection
	GlobalSection(ProjectConfigurationPlatforms) = postSolution
		{8B9110F2-D99B-4810-B6F5-86CD77669CDE}.Debug|Any CPU.ActiveCfg = Debug|Any CPU
		{8B9110F2-D99B-4810-B6F5-86CD77669CDE}.Debug|Any CPU.Build.0 = Debug|Any CPU
		{8B9110F2-D99B-4810-B6F5-86CD77669CDE}.Release|Any CPU.ActiveCfg = Release|Any CPU
		{8B9110F2-D99B-4810-B6F5-86CD77669CDE}.Release|Any CPU.Build.0 = Release|Any CPU
	EndGlobalSection
	GlobalSection(SolutionProperties) = preSolution
		HideSolutionNode = FALSE
	EndGlobalSection
	GlobalSection(ExtensibilityGlobals) = postSolution
		SolutionGuid = {4A23B169-AA45-4C55-95FA-3210119963A0}
	EndGlobalSection
EndGlobal
