
Microsoft Visual Studio Solution File, Format Version 12.00
# Visual Studio Version 16
VisualStudioVersion = 16.0.29411.108
MinimumVisualStudioVersion = 10.0.40219.1
Project("{9A19103F-16F7-4668-BE54-9A1E7A4F7556}") = "DotnetCoreFundamentals", "DotnetCoreFundamentals\DotnetCoreFundamentals.csproj", "{8B9110F2-D99B-4810-B6F5-86CD77669CDE}"
EndProject
Project("{FAE04EC0-301F-11D3-BF4B-00C04F79EFBC}") = "DotnetCoreFundamentals.Core", "DotnetCoreFundamentals.Core\DotnetCoreFundamentals.Core.csproj", "{4B22A69E-EF32-47CA-B028-F17C04C859E6}"
EndProject
Project("{FAE04EC0-301F-11D3-BF4B-00C04F79EFBC}") = "DotnetCoreFundamentals.Data", "DotnetCoreFundamentals.Data\DotnetCoreFundamentals.Data.csproj", "{F13E5951-DD03-4F19-B75E-D7DB43437C27}"
EndProject
Global
	GlobalSection(SolutionConfigurationPlatforms) = preSolution
		Debug|Any CPU = Debug|Any CPU
		Release|Any CPU = Release|Any CPU
	EndGlobalSection
	GlobalSection(ProjectConfigurationPlatforms) = postSolution
		{8B9110F2-D99B-4810-B6F5-86CD77669CDE}.Debug|Any CPU.ActiveCfg = Debug|Any CPU
		{8B9110F2-D99B-4810-B6F5-86CD77669CDE}.Debug|Any CPU.Build.0 = Debug|Any CPU
		{8B9110F2-D99B-4810-B6F5-86CD77669CDE}.Release|Any CPU.ActiveCfg = Release|Any CPU
		{8B9110F2-D99B-4810-B6F5-86CD77669CDE}.Release|Any CPU.Build.0 = Release|Any CPU
		{4B22A69E-EF32-47CA-B028-F17C04C859E6}.Debug|Any CPU.ActiveCfg = Debug|Any CPU
		{4B22A69E-EF32-47CA-B028-F17C04C859E6}.Debug|Any CPU.Build.0 = Debug|Any CPU
		{4B22A69E-EF32-47CA-B028-F17C04C859E6}.Release|Any CPU.ActiveCfg = Release|Any CPU
		{4B22A69E-EF32-47CA-B028-F17C04C859E6}.Release|Any CPU.Build.0 = Release|Any CPU
		{F13E5951-DD03-4F19-B75E-D7DB43437C27}.Debug|Any CPU.ActiveCfg = Debug|Any CPU
		{F13E5951-DD03-4F19-B75E-D7DB43437C27}.Debug|Any CPU.Build.0 = Debug|Any CPU
		{F13E5951-DD03-4F19-B75E-D7DB43437C27}.Release|Any CPU.ActiveCfg = Release|Any CPU
		{F13E5951-DD03-4F19-B75E-D7DB43437C27}.Release|Any CPU.Build.0 = Release|Any CPU
	EndGlobalSection
	GlobalSection(SolutionProperties) = preSolution
		HideSolutionNode = FALSE
	EndGlobalSection
	GlobalSection(ExtensibilityGlobals) = postSolution
		SolutionGuid = {4A23B169-AA45-4C55-95FA-3210119963A0}
	EndGlobalSection
EndGlobal
